// !$*UTF8*$!
{
	archiveVersion = 1;
	classes = {
	};
	objectVersion = 50;
	objects = {

/* Begin PBXBuildFile section */
		BFBFA241261478E20064F430 /* CreateTechniqueVC.swift in Sources */ = {isa = PBXBuildFile; fileRef = BFBFA240261478E20064F430 /* CreateTechniqueVC.swift */; };
		BFBFA245261480390064F430 /* ListeSignesVC.swift in Sources */ = {isa = PBXBuildFile; fileRef = BFBFA244261480390064F430 /* ListeSignesVC.swift */; };
		BFBFA2482614853E0064F430 /* ListeUtilisateursVC.swift in Sources */ = {isa = PBXBuildFile; fileRef = BFBFA2472614853E0064F430 /* ListeUtilisateursVC.swift */; };
		BFBFA24B261487750064F430 /* Colors.xcassets in Resources */ = {isa = PBXBuildFile; fileRef = BFBFA24A261487750064F430 /* Colors.xcassets */; };
		BFBFA24E261488330064F430 /* CreateUtilisateurVC.swift in Sources */ = {isa = PBXBuildFile; fileRef = BFBFA24D261488330064F430 /* CreateUtilisateurVC.swift */; };
		BFC4544426145B30007A57EC /* ImagePickerManager.swift in Sources */ = {isa = PBXBuildFile; fileRef = BFC4544326145B30007A57EC /* ImagePickerManager.swift */; };
		BFC4544826146829007A57EC /* TechniquesTableViewCell.swift in Sources */ = {isa = PBXBuildFile; fileRef = BFC4544726146829007A57EC /* TechniquesTableViewCell.swift */; };
		BFC4544B261468DE007A57EC /* ListeTechniquesVC.swift in Sources */ = {isa = PBXBuildFile; fileRef = BFC4544A261468DE007A57EC /* ListeTechniquesVC.swift */; };
		BFC4545126147012007A57EC /* ListeSignesTableViewCell.swift in Sources */ = {isa = PBXBuildFile; fileRef = BFC4545026147012007A57EC /* ListeSignesTableViewCell.swift */; };
		E96798C125EF7650001EFCFE /* AppDelegate.swift in Sources */ = {isa = PBXBuildFile; fileRef = E96798C025EF7650001EFCFE /* AppDelegate.swift */; };
		E96798C325EF7650001EFCFE /* SceneDelegate.swift in Sources */ = {isa = PBXBuildFile; fileRef = E96798C225EF7650001EFCFE /* SceneDelegate.swift */; };
		E96798C525EF7650001EFCFE /* CreateSigneVC.swift in Sources */ = {isa = PBXBuildFile; fileRef = E96798C425EF7650001EFCFE /* CreateSigneVC.swift */; };
		E96798C825EF7650001EFCFE /* Main.storyboard in Resources */ = {isa = PBXBuildFile; fileRef = E96798C625EF7650001EFCFE /* Main.storyboard */; };
		E96798CB25EF7650001EFCFE /* NarutoMudrasDB.xcdatamodeld in Sources */ = {isa = PBXBuildFile; fileRef = E96798C925EF7650001EFCFE /* NarutoMudrasDB.xcdatamodeld */; };
		E96798CD25EF7651001EFCFE /* Assets.xcassets in Resources */ = {isa = PBXBuildFile; fileRef = E96798CC25EF7651001EFCFE /* Assets.xcassets */; };
		E96798D025EF7651001EFCFE /* LaunchScreen.storyboard in Resources */ = {isa = PBXBuildFile; fileRef = E96798CE25EF7651001EFCFE /* LaunchScreen.storyboard */; };
		E9EE53D42614702F00F287F8 /* DatabaseHelper.swift in Sources */ = {isa = PBXBuildFile; fileRef = E9EE53D32614702F00F287F8 /* DatabaseHelper.swift */; };
/* End PBXBuildFile section */

/* Begin PBXFileReference section */
		BFBFA240261478E20064F430 /* CreateTechniqueVC.swift */ = {isa = PBXFileReference; lastKnownFileType = sourcecode.swift; path = CreateTechniqueVC.swift; sourceTree = "<group>"; };
		BFBFA244261480390064F430 /* ListeSignesVC.swift */ = {isa = PBXFileReference; lastKnownFileType = sourcecode.swift; path = ListeSignesVC.swift; sourceTree = "<group>"; };
		BFBFA2472614853E0064F430 /* ListeUtilisateursVC.swift */ = {isa = PBXFileReference; lastKnownFileType = sourcecode.swift; path = ListeUtilisateursVC.swift; sourceTree = "<group>"; };
		BFBFA24A261487750064F430 /* Colors.xcassets */ = {isa = PBXFileReference; lastKnownFileType = folder.assetcatalog; path = Colors.xcassets; sourceTree = "<group>"; };
		BFBFA24D261488330064F430 /* CreateUtilisateurVC.swift */ = {isa = PBXFileReference; lastKnownFileType = sourcecode.swift; path = CreateUtilisateurVC.swift; sourceTree = "<group>"; };
		BFC4544326145B30007A57EC /* ImagePickerManager.swift */ = {isa = PBXFileReference; fileEncoding = 4; lastKnownFileType = sourcecode.swift; path = ImagePickerManager.swift; sourceTree = "<group>"; };
		BFC4544726146829007A57EC /* TechniquesTableViewCell.swift */ = {isa = PBXFileReference; lastKnownFileType = sourcecode.swift; path = TechniquesTableViewCell.swift; sourceTree = "<group>"; };
		BFC4544A261468DE007A57EC /* ListeTechniquesVC.swift */ = {isa = PBXFileReference; lastKnownFileType = sourcecode.swift; path = ListeTechniquesVC.swift; sourceTree = "<group>"; };
		BFC4544D26146FE5007A57EC /* DetailTechniqueVC.swift */ = {isa = PBXFileReference; lastKnownFileType = sourcecode.swift; path = DetailTechniqueVC.swift; sourceTree = "<group>"; };
		BFC4545026147012007A57EC /* ListeSignesTableViewCell.swift */ = {isa = PBXFileReference; lastKnownFileType = sourcecode.swift; path = ListeSignesTableViewCell.swift; sourceTree = "<group>"; };
		E96798BD25EF7650001EFCFE /* NarutoMudrasDB.app */ = {isa = PBXFileReference; explicitFileType = wrapper.application; includeInIndex = 0; path = NarutoMudrasDB.app; sourceTree = BUILT_PRODUCTS_DIR; };
		E96798C025EF7650001EFCFE /* AppDelegate.swift */ = {isa = PBXFileReference; lastKnownFileType = sourcecode.swift; path = AppDelegate.swift; sourceTree = "<group>"; };
		E96798C225EF7650001EFCFE /* SceneDelegate.swift */ = {isa = PBXFileReference; lastKnownFileType = sourcecode.swift; path = SceneDelegate.swift; sourceTree = "<group>"; };
		E96798C425EF7650001EFCFE /* CreateSigneVC.swift */ = {isa = PBXFileReference; lastKnownFileType = sourcecode.swift; path = CreateSigneVC.swift; sourceTree = "<group>"; };
		E96798C725EF7650001EFCFE /* Base */ = {isa = PBXFileReference; lastKnownFileType = file.storyboard; name = Base; path = Base.lproj/Main.storyboard; sourceTree = "<group>"; };
		E96798CA25EF7650001EFCFE /* NarutoMudrasDB.xcdatamodel */ = {isa = PBXFileReference; lastKnownFileType = wrapper.xcdatamodel; path = NarutoMudrasDB.xcdatamodel; sourceTree = "<group>"; };
		E96798CC25EF7651001EFCFE /* Assets.xcassets */ = {isa = PBXFileReference; lastKnownFileType = folder.assetcatalog; path = Assets.xcassets; sourceTree = "<group>"; };
		E96798CF25EF7651001EFCFE /* Base */ = {isa = PBXFileReference; lastKnownFileType = file.storyboard; name = Base; path = Base.lproj/LaunchScreen.storyboard; sourceTree = "<group>"; };
		E96798D125EF7651001EFCFE /* Info.plist */ = {isa = PBXFileReference; lastKnownFileType = text.plist.xml; path = Info.plist; sourceTree = "<group>"; };
		E9EE53D32614702F00F287F8 /* DatabaseHelper.swift */ = {isa = PBXFileReference; lastKnownFileType = sourcecode.swift; name = DatabaseHelper.swift; path = ../DatabaseHelper.swift; sourceTree = "<group>"; };
/* End PBXFileReference section */

/* Begin PBXFrameworksBuildPhase section */
		E96798BA25EF7650001EFCFE /* Frameworks */ = {
			isa = PBXFrameworksBuildPhase;
			buildActionMask = 2147483647;
			files = (
			);
			runOnlyForDeploymentPostprocessing = 0;
		};
/* End PBXFrameworksBuildPhase section */

/* Begin PBXGroup section */
		E96798B425EF7650001EFCFE = {
			isa = PBXGroup;
			children = (
				E96798BF25EF7650001EFCFE /* NarutoMudrasDB */,
				E96798BE25EF7650001EFCFE /* Products */,
			);
			sourceTree = "<group>";
		};
		E96798BE25EF7650001EFCFE /* Products */ = {
			isa = PBXGroup;
			children = (
				E96798BD25EF7650001EFCFE /* NarutoMudrasDB.app */,
			);
			name = Products;
			sourceTree = "<group>";
		};
		E96798BF25EF7650001EFCFE /* NarutoMudrasDB */ = {
			isa = PBXGroup;
			children = (
				E96798C025EF7650001EFCFE /* AppDelegate.swift */,
				E96798C225EF7650001EFCFE /* SceneDelegate.swift */,
				BFC4544326145B30007A57EC /* ImagePickerManager.swift */,
				E96798C425EF7650001EFCFE /* CreateSigneVC.swift */,
				E96798C625EF7650001EFCFE /* Main.storyboard */,
				BFBFA240261478E20064F430 /* CreateTechniqueVC.swift */,
				BFBFA24D261488330064F430 /* CreateUtilisateurVC.swift */,
				BFC4544D26146FE5007A57EC /* DetailTechniqueVC.swift */,
				BFC4545026147012007A57EC /* ListeSignesTableViewCell.swift */,
				BFBFA2472614853E0064F430 /* ListeUtilisateursVC.swift */,
				BFBFA244261480390064F430 /* ListeSignesVC.swift */,
				BFC4544A261468DE007A57EC /* ListeTechniquesVC.swift */,
				BFC4544726146829007A57EC /* TechniquesTableViewCell.swift */,
				E9EE53D32614702F00F287F8 /* DatabaseHelper.swift */,
				E96798CC25EF7651001EFCFE /* Assets.xcassets */,
				BFBFA24A261487750064F430 /* Colors.xcassets */,
				E96798CE25EF7651001EFCFE /* LaunchScreen.storyboard */,
				E96798D125EF7651001EFCFE /* Info.plist */,
				E96798C925EF7650001EFCFE /* NarutoMudrasDB.xcdatamodeld */,
			);
			path = NarutoMudrasDB;
			sourceTree = "<group>";
		};
/* End PBXGroup section */

/* Begin PBXNativeTarget section */
		E96798BC25EF7650001EFCFE /* NarutoMudrasDB */ = {
			isa = PBXNativeTarget;
			buildConfigurationList = E96798D425EF7651001EFCFE /* Build configuration list for PBXNativeTarget "NarutoMudrasDB" */;
			buildPhases = (
				E96798B925EF7650001EFCFE /* Sources */,
				E96798BA25EF7650001EFCFE /* Frameworks */,
				E96798BB25EF7650001EFCFE /* Resources */,
			);
			buildRules = (
			);
			dependencies = (
			);
			name = NarutoMudrasDB;
			productName = NarutoMudrasDB;
			productReference = E96798BD25EF7650001EFCFE /* NarutoMudrasDB.app */;
			productType = "com.apple.product-type.application";
		};
/* End PBXNativeTarget section */

/* Begin PBXProject section */
		E96798B525EF7650001EFCFE /* Project object */ = {
			isa = PBXProject;
			attributes = {
				LastSwiftUpdateCheck = 1210;
				LastUpgradeCheck = 1210;
				TargetAttributes = {
					E96798BC25EF7650001EFCFE = {
						CreatedOnToolsVersion = 12.1;
					};
				};
			};
			buildConfigurationList = E96798B825EF7650001EFCFE /* Build configuration list for PBXProject "NarutoMudrasDB" */;
			compatibilityVersion = "Xcode 9.3";
			developmentRegion = en;
			hasScannedForEncodings = 0;
			knownRegions = (
				en,
				Base,
			);
			mainGroup = E96798B425EF7650001EFCFE;
			productRefGroup = E96798BE25EF7650001EFCFE /* Products */;
			projectDirPath = "";
			projectRoot = "";
			targets = (
				E96798BC25EF7650001EFCFE /* NarutoMudrasDB */,
			);
		};
/* End PBXProject section */

/* Begin PBXResourcesBuildPhase section */
		E96798BB25EF7650001EFCFE /* Resources */ = {
			isa = PBXResourcesBuildPhase;
			buildActionMask = 2147483647;
			files = (
				E96798D025EF7651001EFCFE /* LaunchScreen.storyboard in Resources */,
				BFBFA24B261487750064F430 /* Colors.xcassets in Resources */,
				E96798CD25EF7651001EFCFE /* Assets.xcassets in Resources */,
				E96798C825EF7650001EFCFE /* Main.storyboard in Resources */,
			);
			runOnlyForDeploymentPostprocessing = 0;
		};
/* End PBXResourcesBuildPhase section */

/* Begin PBXSourcesBuildPhase section */
		E96798B925EF7650001EFCFE /* Sources */ = {
			isa = PBXSourcesBuildPhase;
			buildActionMask = 2147483647;
			files = (
				BFBFA2482614853E0064F430 /* ListeUtilisateursVC.swift in Sources */,
				E96798C525EF7650001EFCFE /* CreateSigneVC.swift in Sources */,
				BFC4544426145B30007A57EC /* ImagePickerManager.swift in Sources */,
				BFBFA24E261488330064F430 /* CreateUtilisateurVC.swift in Sources */,
				BFC4544B261468DE007A57EC /* ListeTechniquesVC.swift in Sources */,
				E96798C125EF7650001EFCFE /* AppDelegate.swift in Sources */,
				E9EE53D42614702F00F287F8 /* DatabaseHelper.swift in Sources */,
				E96798CB25EF7650001EFCFE /* NarutoMudrasDB.xcdatamodeld in Sources */,
				BFC4545126147012007A57EC /* ListeSignesTableViewCell.swift in Sources */,
				BFBFA245261480390064F430 /* ListeSignesVC.swift in Sources */,
				BFC4544826146829007A57EC /* TechniquesTableViewCell.swift in Sources */,
				E96798C325EF7650001EFCFE /* SceneDelegate.swift in Sources */,
				BFBFA241261478E20064F430 /* CreateTechniqueVC.swift in Sources */,
			);
			runOnlyForDeploymentPostprocessing = 0;
		};
/* End PBXSourcesBuildPhase section */

/* Begin PBXVariantGroup section */
		E96798C625EF7650001EFCFE /* Main.storyboard */ = {
			isa = PBXVariantGroup;
			children = (
				E96798C725EF7650001EFCFE /* Base */,
			);
			name = Main.storyboard;
			sourceTree = "<group>";
		};
		E96798CE25EF7651001EFCFE /* LaunchScreen.storyboard */ = {
			isa = PBXVariantGroup;
			children = (
				E96798CF25EF7651001EFCFE /* Base */,
			);
			name = LaunchScreen.storyboard;
			sourceTree = "<group>";
		};
/* End PBXVariantGroup section */

/* Begin XCBuildConfiguration section */
		E96798D225EF7651001EFCFE /* Debug */ = {
			isa = XCBuildConfiguration;
			buildSettings = {
				ALWAYS_SEARCH_USER_PATHS = NO;
				CLANG_ANALYZER_NONNULL = YES;
				CLANG_ANALYZER_NUMBER_OBJECT_CONVERSION = YES_AGGRESSIVE;
				CLANG_CXX_LANGUAGE_STANDARD = "gnu++14";
				CLANG_CXX_LIBRARY = "libc++";
				CLANG_ENABLE_MODULES = YES;
				CLANG_ENABLE_OBJC_ARC = YES;
				CLANG_ENABLE_OBJC_WEAK = YES;
				CLANG_WARN_BLOCK_CAPTURE_AUTORELEASING = YES;
				CLANG_WARN_BOOL_CONVERSION = YES;
				CLANG_WARN_COMMA = YES;
				CLANG_WARN_CONSTANT_CONVERSION = YES;
				CLANG_WARN_DEPRECATED_OBJC_IMPLEMENTATIONS = YES;
				CLANG_WARN_DIRECT_OBJC_ISA_USAGE = YES_ERROR;
				CLANG_WARN_DOCUMENTATION_COMMENTS = YES;
				CLANG_WARN_EMPTY_BODY = YES;
				CLANG_WARN_ENUM_CONVERSION = YES;
				CLANG_WARN_INFINITE_RECURSION = YES;
				CLANG_WARN_INT_CONVERSION = YES;
				CLANG_WARN_NON_LITERAL_NULL_CONVERSION = YES;
				CLANG_WARN_OBJC_IMPLICIT_RETAIN_SELF = YES;
				CLANG_WARN_OBJC_LITERAL_CONVERSION = YES;
				CLANG_WARN_OBJC_ROOT_CLASS = YES_ERROR;
				CLANG_WARN_QUOTED_INCLUDE_IN_FRAMEWORK_HEADER = YES;
				CLANG_WARN_RANGE_LOOP_ANALYSIS = YES;
				CLANG_WARN_STRICT_PROTOTYPES = YES;
				CLANG_WARN_SUSPICIOUS_MOVE = YES;
				CLANG_WARN_UNGUARDED_AVAILABILITY = YES_AGGRESSIVE;
				CLANG_WARN_UNREACHABLE_CODE = YES;
				CLANG_WARN__DUPLICATE_METHOD_MATCH = YES;
				COPY_PHASE_STRIP = NO;
				DEBUG_INFORMATION_FORMAT = dwarf;
				ENABLE_STRICT_OBJC_MSGSEND = YES;
				ENABLE_TESTABILITY = YES;
				GCC_C_LANGUAGE_STANDARD = gnu11;
				GCC_DYNAMIC_NO_PIC = NO;
				GCC_NO_COMMON_BLOCKS = YES;
				GCC_OPTIMIZATION_LEVEL = 0;
				GCC_PREPROCESSOR_DEFINITIONS = (
					"DEBUG=1",
					"$(inherited)",
				);
				GCC_WARN_64_TO_32_BIT_CONVERSION = YES;
				GCC_WARN_ABOUT_RETURN_TYPE = YES_ERROR;
				GCC_WARN_UNDECLARED_SELECTOR = YES;
				GCC_WARN_UNINITIALIZED_AUTOS = YES_AGGRESSIVE;
				GCC_WARN_UNUSED_FUNCTION = YES;
				GCC_WARN_UNUSED_VARIABLE = YES;
				IPHONEOS_DEPLOYMENT_TARGET = 14.1;
				MTL_ENABLE_DEBUG_INFO = INCLUDE_SOURCE;
				MTL_FAST_MATH = YES;
				ONLY_ACTIVE_ARCH = YES;
				SDKROOT = iphoneos;
				SWIFT_ACTIVE_COMPILATION_CONDITIONS = DEBUG;
				SWIFT_OPTIMIZATION_LEVEL = "-Onone";
			};
			name = Debug;
		};
		E96798D325EF7651001EFCFE /* Release */ = {
			isa = XCBuildConfiguration;
			buildSettings = {
				ALWAYS_SEARCH_USER_PATHS = NO;
				CLANG_ANALYZER_NONNULL = YES;
				CLANG_ANALYZER_NUMBER_OBJECT_CONVERSION = YES_AGGRESSIVE;
				CLANG_CXX_LANGUAGE_STANDARD = "gnu++14";
				CLANG_CXX_LIBRARY = "libc++";
				CLANG_ENABLE_MODULES = YES;
				CLANG_ENABLE_OBJC_ARC = YES;
				CLANG_ENABLE_OBJC_WEAK = YES;
				CLANG_WARN_BLOCK_CAPTURE_AUTORELEASING = YES;
				CLANG_WARN_BOOL_CONVERSION = YES;
				CLANG_WARN_COMMA = YES;
				CLANG_WARN_CONSTANT_CONVERSION = YES;
				CLANG_WARN_DEPRECATED_OBJC_IMPLEMENTATIONS = YES;
				CLANG_WARN_DIRECT_OBJC_ISA_USAGE = YES_ERROR;
				CLANG_WARN_DOCUMENTATION_COMMENTS = YES;
				CLANG_WARN_EMPTY_BODY = YES;
				CLANG_WARN_ENUM_CONVERSION = YES;
				CLANG_WARN_INFINITE_RECURSION = YES;
				CLANG_WARN_INT_CONVERSION = YES;
				CLANG_WARN_NON_LITERAL_NULL_CONVERSION = YES;
				CLANG_WARN_OBJC_IMPLICIT_RETAIN_SELF = YES;
				CLANG_WARN_OBJC_LITERAL_CONVERSION = YES;
				CLANG_WARN_OBJC_ROOT_CLASS = YES_ERROR;
				CLANG_WARN_QUOTED_INCLUDE_IN_FRAMEWORK_HEADER = YES;
				CLANG_WARN_RANGE_LOOP_ANALYSIS = YES;
				CLANG_WARN_STRICT_PROTOTYPES = YES;
				CLANG_WARN_SUSPICIOUS_MOVE = YES;
				CLANG_WARN_UNGUARDED_AVAILABILITY = YES_AGGRESSIVE;
				CLANG_WARN_UNREACHABLE_CODE = YES;
				CLANG_WARN__DUPLICATE_METHOD_MATCH = YES;
				COPY_PHASE_STRIP = NO;
				DEBUG_INFORMATION_FORMAT = "dwarf-with-dsym";
				ENABLE_NS_ASSERTIONS = NO;
				ENABLE_STRICT_OBJC_MSGSEND = YES;
				GCC_C_LANGUAGE_STANDARD = gnu11;
				GCC_NO_COMMON_BLOCKS = YES;
				GCC_WARN_64_TO_32_BIT_CONVERSION = YES;
				GCC_WARN_ABOUT_RETURN_TYPE = YES_ERROR;
				GCC_WARN_UNDECLARED_SELECTOR = YES;
				GCC_WARN_UNINITIALIZED_AUTOS = YES_AGGRESSIVE;
				GCC_WARN_UNUSED_FUNCTION = YES;
				GCC_WARN_UNUSED_VARIABLE = YES;
				IPHONEOS_DEPLOYMENT_TARGET = 14.1;
				MTL_ENABLE_DEBUG_INFO = NO;
				MTL_FAST_MATH = YES;
				SDKROOT = iphoneos;
				SWIFT_COMPILATION_MODE = wholemodule;
				SWIFT_OPTIMIZATION_LEVEL = "-O";
				VALIDATE_PRODUCT = YES;
			};
			name = Release;
		};
		E96798D525EF7651001EFCFE /* Debug */ = {
			isa = XCBuildConfiguration;
			buildSettings = {
				ASSETCATALOG_COMPILER_APPICON_NAME = AppIcon;
				ASSETCATALOG_COMPILER_GLOBAL_ACCENT_COLOR_NAME = AccentColor;
				CODE_SIGN_STYLE = Automatic;
				INFOPLIST_FILE = NarutoMudrasDB/Info.plist;
				LD_RUNPATH_SEARCH_PATHS = (
					"$(inherited)",
					"@executable_path/Frameworks",
				);
				PRODUCT_BUNDLE_IDENTIFIER = Thomas.NarutoMudrasDB;
				PRODUCT_NAME = "$(TARGET_NAME)";
				SWIFT_VERSION = 5.0;
				TARGETED_DEVICE_FAMILY = "1,2";
			};
			name = Debug;
		};
		E96798D625EF7651001EFCFE /* Release */ = {
			isa = XCBuildConfiguration;
			buildSettings = {
				ASSETCATALOG_COMPILER_APPICON_NAME = AppIcon;
				ASSETCATALOG_COMPILER_GLOBAL_ACCENT_COLOR_NAME = AccentColor;
				CODE_SIGN_STYLE = Automatic;
				INFOPLIST_FILE = NarutoMudrasDB/Info.plist;
				LD_RUNPATH_SEARCH_PATHS = (
					"$(inherited)",
					"@executable_path/Frameworks",
				);
				PRODUCT_BUNDLE_IDENTIFIER = Thomas.NarutoMudrasDB;
				PRODUCT_NAME = "$(TARGET_NAME)";
				SWIFT_VERSION = 5.0;
				TARGETED_DEVICE_FAMILY = "1,2";
			};
			name = Release;
		};
/* End XCBuildConfiguration section */

/* Begin XCConfigurationList section */
		E96798B825EF7650001EFCFE /* Build configuration list for PBXProject "NarutoMudrasDB" */ = {
			isa = XCConfigurationList;
			buildConfigurations = (
				E96798D225EF7651001EFCFE /* Debug */,
				E96798D325EF7651001EFCFE /* Release */,
			);
			defaultConfigurationIsVisible = 0;
			defaultConfigurationName = Release;
		};
		E96798D425EF7651001EFCFE /* Build configuration list for PBXNativeTarget "NarutoMudrasDB" */ = {
			isa = XCConfigurationList;
			buildConfigurations = (
				E96798D525EF7651001EFCFE /* Debug */,
				E96798D625EF7651001EFCFE /* Release */,
			);
			defaultConfigurationIsVisible = 0;
			defaultConfigurationName = Release;
		};
/* End XCConfigurationList section */

/* Begin XCVersionGroup section */
		E96798C925EF7650001EFCFE /* NarutoMudrasDB.xcdatamodeld */ = {
			isa = XCVersionGroup;
			children = (
				E96798CA25EF7650001EFCFE /* NarutoMudrasDB.xcdatamodel */,
			);
			currentVersion = E96798CA25EF7650001EFCFE /* NarutoMudrasDB.xcdatamodel */;
			path = NarutoMudrasDB.xcdatamodeld;
			sourceTree = "<group>";
			versionGroupType = wrapper.xcdatamodel;
		};
/* End XCVersionGroup section */
	};
	rootObject = E96798B525EF7650001EFCFE /* Project object */;
}
